
Microsoft Visual Studio Solution File, Format Version 12.00
# Visual Studio Version 16
VisualStudioVersion = 16.0.29215.179
MinimumVisualStudioVersion = 10.0.40219.1
Project("{FAE04EC0-301F-11D3-BF4B-00C04F79EFBC}") = "ClassProject-Deliverable1", "ClassProject-Deliverable1.csproj", "{97919170-7E59-46CF-BE7F-8B6711DFA0C1}"
EndProject
Global
	GlobalSection(SolutionConfigurationPlatforms) = preSolution
		Debug|Any CPU = Debug|Any CPU
		Release|Any CPU = Release|Any CPU
	EndGlobalSection
	GlobalSection(ProjectConfigurationPlatforms) = postSolution
		{97919170-7E59-46CF-BE7F-8B6711DFA0C1}.Debug|Any CPU.ActiveCfg = Debug|Any CPU
		{97919170-7E59-46CF-BE7F-8B6711DFA0C1}.Debug|Any CPU.Build.0 = Debug|Any CPU
		{97919170-7E59-46CF-BE7F-8B6711DFA0C1}.Release|Any CPU.ActiveCfg = Release|Any CPU
		{97919170-7E59-46CF-BE7F-8B6711DFA0C1}.Release|Any CPU.Build.0 = Release|Any CPU
	EndGlobalSection
	GlobalSection(SolutionProperties) = preSolution
		HideSolutionNode = FALSE
	EndGlobalSection
	GlobalSection(ExtensibilityGlobals) = postSolution
		SolutionGuid = {DC9C541D-7103-4A0F-BDE7-7D482B8597D7}
	EndGlobalSection
EndGlobal
